
Microsoft Visual Studio Solution File, Format Version 12.00
# Visual Studio 15
VisualStudioVersion = 15.0.27428.2037
MinimumVisualStudioVersion = 10.0.40219.1
Project("{8BC9CEB8-8B4A-11D0-8D11-00A0C91BC942}") = "P1W7", "P1W7\P1W7.vcxproj", "{4CA7D83D-4D13-4409-84D0-60CB247DAE87}"
EndProject
Global
	GlobalSection(SolutionConfigurationPlatforms) = preSolution
		Debug|x86 = Debug|x86
		Release|x86 = Release|x86
	EndGlobalSection
	GlobalSection(ProjectConfigurationPlatforms) = postSolution
		{4CA7D83D-4D13-4409-84D0-60CB247DAE87}.Debug|x86.ActiveCfg = Debug|Win32
		{4CA7D83D-4D13-4409-84D0-60CB247DAE87}.Debug|x86.Build.0 = Debug|Win32
		{4CA7D83D-4D13-4409-84D0-60CB247DAE87}.Release|x86.ActiveCfg = Release|Win32
		{4CA7D83D-4D13-4409-84D0-60CB247DAE87}.Release|x86.Build.0 = Release|Win32
	EndGlobalSection
	GlobalSection(SolutionProperties) = preSolution
		HideSolutionNode = FALSE
	EndGlobalSection
	GlobalSection(ExtensibilityGlobals) = postSolution
		SolutionGuid = {8B63691F-9EDF-48E4-B659-C38F9CEC5FE9}
	EndGlobalSection
EndGlobal
